
Microsoft Visual Studio Solution File, Format Version 12.00
# Visual Studio Version 17
VisualStudioVersion = 17.5.33414.496
MinimumVisualStudioVersion = 10.0.40219.1
Project("{FAE04EC0-301F-11D3-BF4B-00C04F79EFBC}") = "TaskExample", "TaskExample\TaskExample.csproj", "{ECD446C7-0D78-4A91-B17D-C7ACEAAD02EF}"
EndProject
Project("{FAE04EC0-301F-11D3-BF4B-00C04F79EFBC}") = "Test", "Test\Test.csproj", "{529352F2-46EE-41A3-9BC8-445EFC8BC991}"
EndProject
Global
	GlobalSection(SolutionConfigurationPlatforms) = preSolution
		Debug|Any CPU = Debug|Any CPU
		Release|Any CPU = Release|Any CPU
	EndGlobalSection
	GlobalSection(ProjectConfigurationPlatforms) = postSolution
		{ECD446C7-0D78-4A91-B17D-C7ACEAAD02EF}.Debug|Any CPU.ActiveCfg = Debug|Any CPU
		{ECD446C7-0D78-4A91-B17D-C7ACEAAD02EF}.Debug|Any CPU.Build.0 = Debug|Any CPU
		{ECD446C7-0D78-4A91-B17D-C7ACEAAD02EF}.Release|Any CPU.ActiveCfg = Release|Any CPU
		{ECD446C7-0D78-4A91-B17D-C7ACEAAD02EF}.Release|Any CPU.Build.0 = Release|Any CPU
		{529352F2-46EE-41A3-9BC8-445EFC8BC991}.Debug|Any CPU.ActiveCfg = Debug|Any CPU
		{529352F2-46EE-41A3-9BC8-445EFC8BC991}.Debug|Any CPU.Build.0 = Debug|Any CPU
		{529352F2-46EE-41A3-9BC8-445EFC8BC991}.Release|Any CPU.ActiveCfg = Release|Any CPU
		{529352F2-46EE-41A3-9BC8-445EFC8BC991}.Release|Any CPU.Build.0 = Release|Any CPU
	EndGlobalSection
	GlobalSection(SolutionProperties) = preSolution
		HideSolutionNode = FALSE
	EndGlobalSection
	GlobalSection(ExtensibilityGlobals) = postSolution
		SolutionGuid = {72A89747-88F1-4079-A01F-A218B44FD439}
	EndGlobalSection
EndGlobal
